# This file was autogenerated by Stack.
# You should not edit this file by hand.
# For more information, please see the documentation at:
#   https://docs.haskellstack.org/en/stable/lock_files

snapshots:
- original:
    url: https://raw.githubusercontent.com/commercialhaskell/stackage-snapshots/master/lts/18/27.yaml
  completed:
    sha256: 79a786674930a89301b0e908fad2822a48882f3d01486117693c377b8edffdbe
    url: https://raw.githubusercontent.com/commercialhaskell/stackage-snapshots/master/lts/18/27.yaml
    size: 590102
packages:
- original:
    hackage: Spock-0.14.0.0
  completed:
    pantry-tree:
      sha256: 6829dae9ba2492fae3e447afe13013dd863bd48fd5b8addfa74fc55d979de7b2
      size: 1118
    hackage: Spock-0.14.0.0@sha256:7e86ccc9e66ce0fdb84d1dcd328f852d3754c2dbfcb60d0e7e2f1cce2f32f177,3681
- original:
    hackage: Spock-core-0.14.0.0
  completed:
    pantry-tree:
      sha256: c89cd43f14dd0cc960627f13e5bbc027172f0be85f277f998f06266d48ab8367
      size: 1113
    hackage: Spock-core-0.14.0.0@sha256:b55935c2c2a259a9966999239ee6ec5e41f7d933a58baade687ffa4b4a46fe32,3457
- original:
    hackage: reroute-0.6.0.0
  completed:
    pantry-tree:
      sha256: 0a27afabb1730147d6aa0ddf5cc6368951c4625e3706cb8f5388da9739372fa3
      size: 660
    hackage: reroute-0.6.0.0@sha256:43805b3fdc7ed1ba701cd10e249abc997b2291c8f374b8333bb2ea0e0d1dad0b,2382
- original:
    hackage: stm-containers-1.2
  completed:
    pantry-tree:
      sha256: 20b1076bdb121347ccc512a67df697eed34815a8e35279b6b9a0951963b1eba2
      size: 761
    hackage: stm-containers-1.2@sha256:a887f2e7692b7cf20e0b081e2d66e21076e2bd4b57016ec59c484edfa2d29397,3244
- original:
    hackage: focus-1.0.1.4
  completed:
    pantry-tree:
      sha256: 0f76ffc78fb23e36c63e8a3e66d09d9e072bd891054adfff48b1983727d2394d
      size: 325
    hackage: focus-1.0.1.4@sha256:fb2da753531be62e81da10eefbb6cd91d55b60612c3bbd6d82855664347da2fd,2647
- original:
    hackage: stm-hamt-1.2.0.4
  completed:
    pantry-tree:
      sha256: d9a8be48da86bd4a2ba9d52ea29b9a74f1b686d439ba1bbfba04ab1a002391da
      size: 1009
    hackage: stm-hamt-1.2.0.4@sha256:7957497c022554b7599e790696d1a3e56359ad99e5da36a251894c626ca1f60a,3970
- original:
    hackage: primitive-extras-0.8
  completed:
    pantry-tree:
      sha256: e7c1d26202b80d1fca2ef780ec7fe76ede1275f4d9a996c6d44c08d8de1c45db
      size: 1105
    hackage: primitive-extras-0.8@sha256:fca0310150496867f5b9421fe1541ecda87fae17eae44885a29f9c52dd00c8ff,2963
- original:
    hackage: primitive-unlifted-0.1.3.0
  completed:
    pantry-tree:
      sha256: c882dca2a96b98d02b0d21875b651edb11ac67d90e736c0de7a92c410a19eb7f
      size: 420
    hackage: primitive-unlifted-0.1.3.0@sha256:a98f827740f5dcf097d885b3a47c32f4462204449620abc9d51b8c4f8619f9e6,1427
- original:
    hackage: Spock-lucid-0.4.0.1
  completed:
    pantry-tree:
      sha256: e0c8e85d0fce0a307ef5c52f9e00beebc3a79f984338ec088e9e6f15a2879209
      size: 269
    hackage: Spock-lucid-0.4.0.1@sha256:fa2c6ae737bad26767820af29c913140a657acbf745e90c9f9d4a184953855dc,1117
